
Microsoft Visual Studio Solution File, Format Version 12.00
# Visual Studio 15
VisualStudioVersion = 15.0.27703.2035
MinimumVisualStudioVersion = 10.0.40219.1
Project("{FAE04EC0-301F-11D3-BF4B-00C04F79EFBC}") = "DiscordBot", "DiscordBot\DiscordBot.csproj", "{29C33AA1-6997-4A0E-8540-4FEE906E2ACF}"
EndProject
Global
	GlobalSection(SolutionConfigurationPlatforms) = preSolution
		Debug|Any CPU = Debug|Any CPU
		Release|Any CPU = Release|Any CPU
	EndGlobalSection
	GlobalSection(ProjectConfigurationPlatforms) = postSolution
		{29C33AA1-6997-4A0E-8540-4FEE906E2ACF}.Debug|Any CPU.ActiveCfg = Debug|Any CPU
		{29C33AA1-6997-4A0E-8540-4FEE906E2ACF}.Debug|Any CPU.Build.0 = Debug|Any CPU
		{29C33AA1-6997-4A0E-8540-4FEE906E2ACF}.Release|Any CPU.ActiveCfg = Release|Any CPU
		{29C33AA1-6997-4A0E-8540-4FEE906E2ACF}.Release|Any CPU.Build.0 = Release|Any CPU
	EndGlobalSection
	GlobalSection(SolutionProperties) = preSolution
		HideSolutionNode = FALSE
	EndGlobalSection
	GlobalSection(ExtensibilityGlobals) = postSolution
		SolutionGuid = {7751005D-17E8-4243-A44B-C8265FEEA32E}
	EndGlobalSection
EndGlobal
